// !$*UTF8*$!
{
	archiveVersion = 1;
	classes = {
	};
	objectVersion = 46;
	objects = {

/* Begin PBXBuildFile section */
		929544811EA270B900E2A92F /* AppDelegate.swift in Sources */ = {isa = PBXBuildFile; fileRef = 929544801EA270B900E2A92F /* AppDelegate.swift */; };
		929544831EA270B900E2A92F /* ViewController.swift in Sources */ = {isa = PBXBuildFile; fileRef = 929544821EA270B900E2A92F /* ViewController.swift */; };
		929544861EA270B900E2A92F /* Main.storyboard in Resources */ = {isa = PBXBuildFile; fileRef = 929544841EA270B900E2A92F /* Main.storyboard */; };
		929544881EA270B900E2A92F /* Assets.xcassets in Resources */ = {isa = PBXBuildFile; fileRef = 929544871EA270B900E2A92F /* Assets.xcassets */; };
		9295448B1EA270B900E2A92F /* LaunchScreen.storyboard in Resources */ = {isa = PBXBuildFile; fileRef = 929544891EA270B900E2A92F /* LaunchScreen.storyboard */; };
/* End PBXBuildFile section */

/* Begin PBXFileReference section */
		9295447D1EA270B900E2A92F /* Skyway_swift_sample.app */ = {isa = PBXFileReference; explicitFileType = wrapper.application; includeInIndex = 0; path = Skyway_swift_sample.app; sourceTree = BUILT_PRODUCTS_DIR; };
		929544801EA270B900E2A92F /* AppDelegate.swift */ = {isa = PBXFileReference; lastKnownFileType = sourcecode.swift; path = AppDelegate.swift; sourceTree = "<group>"; };
		929544821EA270B900E2A92F /* ViewController.swift */ = {isa = PBXFileReference; lastKnownFileType = sourcecode.swift; path = ViewController.swift; sourceTree = "<group>"; };
		929544851EA270B900E2A92F /* Base */ = {isa = PBXFileReference; lastKnownFileType = file.storyboard; name = Base; path = Base.lproj/Main.storyboard; sourceTree = "<group>"; };
		929544871EA270B900E2A92F /* Assets.xcassets */ = {isa = PBXFileReference; lastKnownFileType = folder.assetcatalog; path = Assets.xcassets; sourceTree = "<group>"; };
		9295448A1EA270B900E2A92F /* Base */ = {isa = PBXFileReference; lastKnownFileType = file.storyboard; name = Base; path = Base.lproj/LaunchScreen.storyboard; sourceTree = "<group>"; };
		9295448C1EA270B900E2A92F /* Info.plist */ = {isa = PBXFileReference; lastKnownFileType = text.plist.xml; path = Info.plist; sourceTree = "<group>"; };
/* End PBXFileReference section */

/* Begin PBXFrameworksBuildPhase section */
		9295447A1EA270B900E2A92F /* Frameworks */ = {
			isa = PBXFrameworksBuildPhase;
			buildActionMask = 2147483647;
			files = (
			);
			runOnlyForDeploymentPostprocessing = 0;
		};
/* End PBXFrameworksBuildPhase section */

/* Begin PBXGroup section */
		929544741EA270B900E2A92F = {
			isa = PBXGroup;
			children = (
				9295447F1EA270B900E2A92F /* Skyway_swift_sample */,
				9295447E1EA270B900E2A92F /* Products */,
			);
			sourceTree = "<group>";
		};
		9295447E1EA270B900E2A92F /* Products */ = {
			isa = PBXGroup;
			children = (
				9295447D1EA270B900E2A92F /* Skyway_swift_sample.app */,
			);
			name = Products;
			sourceTree = "<group>";
		};
		9295447F1EA270B900E2A92F /* Skyway_swift_sample */ = {
			isa = PBXGroup;
			children = (
				929544801EA270B900E2A92F /* AppDelegate.swift */,
				929544821EA270B900E2A92F /* ViewController.swift */,
				929544841EA270B900E2A92F /* Main.storyboard */,
				929544871EA270B900E2A92F /* Assets.xcassets */,
				929544891EA270B900E2A92F /* LaunchScreen.storyboard */,
				9295448C1EA270B900E2A92F /* Info.plist */,
			);
			path = Skyway_swift_sample;
			sourceTree = "<group>";
		};
/* End PBXGroup section */

/* Begin PBXNativeTarget section */
		9295447C1EA270B900E2A92F /* Skyway_swift_sample */ = {
			isa = PBXNativeTarget;
			buildConfigurationList = 9295448F1EA270B900E2A92F /* Build configuration list for PBXNativeTarget "Skyway_swift_sample" */;
			buildPhases = (
				929544791EA270B900E2A92F /* Sources */,
				9295447A1EA270B900E2A92F /* Frameworks */,
				9295447B1EA270B900E2A92F /* Resources */,
			);
			buildRules = (
			);
			dependencies = (
			);
			name = Skyway_swift_sample;
			productName = Skyway_swift_sample;
			productReference = 9295447D1EA270B900E2A92F /* Skyway_swift_sample.app */;
			productType = "com.apple.product-type.application";
		};
/* End PBXNativeTarget section */

/* Begin PBXProject section */
		929544751EA270B900E2A92F /* Project object */ = {
			isa = PBXProject;
			attributes = {
				LastSwiftUpdateCheck = 0820;
				LastUpgradeCheck = 0820;
				ORGANIZATIONNAME = bati;
				TargetAttributes = {
					9295447C1EA270B900E2A92F = {
						CreatedOnToolsVersion = 8.2.1;
						ProvisioningStyle = Automatic;
					};
				};
			};
			buildConfigurationList = 929544781EA270B900E2A92F /* Build configuration list for PBXProject "Skyway_swift_sample" */;
			compatibilityVersion = "Xcode 3.2";
			developmentRegion = English;
			hasScannedForEncodings = 0;
			knownRegions = (
				en,
				Base,
			);
			mainGroup = 929544741EA270B900E2A92F;
			productRefGroup = 9295447E1EA270B900E2A92F /* Products */;
			projectDirPath = "";
			projectRoot = "";
			targets = (
				9295447C1EA270B900E2A92F /* Skyway_swift_sample */,
			);
		};
/* End PBXProject section */

/* Begin PBXResourcesBuildPhase section */
		9295447B1EA270B900E2A92F /* Resources */ = {
			isa = PBXResourcesBuildPhase;
			buildActionMask = 2147483647;
			files = (
				9295448B1EA270B900E2A92F /* LaunchScreen.storyboard in Resources */,
				929544881EA270B900E2A92F /* Assets.xcassets in Resources */,
				929544861EA270B900E2A92F /* Main.storyboard in Resources */,
			);
			runOnlyForDeploymentPostprocessing = 0;
		};
/* End PBXResourcesBuildPhase section */

/* Begin PBXSourcesBuildPhase section */
		929544791EA270B900E2A92F /* Sources */ = {
			isa = PBXSourcesBuildPhase;
			buildActionMask = 2147483647;
			files = (
				929544831EA270B900E2A92F /* ViewController.swift in Sources */,
				929544811EA270B900E2A92F /* AppDelegate.swift in Sources */,
			);
			runOnlyForDeploymentPostprocessing = 0;
		};
/* End PBXSourcesBuildPhase section */

/* Begin PBXVariantGroup section */
		929544841EA270B900E2A92F /* Main.storyboard */ = {
			isa = PBXVariantGroup;
			children = (
				929544851EA270B900E2A92F /* Base */,
			);
			name = Main.storyboard;
			sourceTree = "<group>";
		};
		929544891EA270B900E2A92F /* LaunchScreen.storyboard */ = {
			isa = PBXVariantGroup;
			children = (
				9295448A1EA270B900E2A92F /* Base */,
			);
			name = LaunchScreen.storyboard;
			sourceTree = "<group>";
		};
/* End PBXVariantGroup section */

/* Begin XCBuildConfiguration section */
		9295448D1EA270B900E2A92F /* Debug */ = {
			isa = XCBuildConfiguration;
			buildSettings = {
				ALWAYS_SEARCH_USER_PATHS = NO;
				CLANG_ANALYZER_NONNULL = YES;
				CLANG_CXX_LANGUAGE_STANDARD = "gnu++0x";
				CLANG_CXX_LIBRARY = "libc++";
				CLANG_ENABLE_MODULES = YES;
				CLANG_ENABLE_OBJC_ARC = YES;
				CLANG_WARN_BOOL_CONVERSION = YES;
				CLANG_WARN_CONSTANT_CONVERSION = YES;
				CLANG_WARN_DIRECT_OBJC_ISA_USAGE = YES_ERROR;
				CLANG_WARN_DOCUMENTATION_COMMENTS = YES;
				CLANG_WARN_EMPTY_BODY = YES;
				CLANG_WARN_ENUM_CONVERSION = YES;
				CLANG_WARN_INFINITE_RECURSION = YES;
				CLANG_WARN_INT_CONVERSION = YES;
				CLANG_WARN_OBJC_ROOT_CLASS = YES_ERROR;
				CLANG_WARN_SUSPICIOUS_MOVE = YES;
				CLANG_WARN_UNREACHABLE_CODE = YES;
				CLANG_WARN__DUPLICATE_METHOD_MATCH = YES;
				"CODE_SIGN_IDENTITY[sdk=iphoneos*]" = "iPhone Developer";
				COPY_PHASE_STRIP = NO;
				DEBUG_INFORMATION_FORMAT = dwarf;
				ENABLE_STRICT_OBJC_MSGSEND = YES;
				ENABLE_TESTABILITY = YES;
				GCC_C_LANGUAGE_STANDARD = gnu99;
				GCC_DYNAMIC_NO_PIC = NO;
				GCC_NO_COMMON_BLOCKS = YES;
				GCC_OPTIMIZATION_LEVEL = 0;
				GCC_PREPROCESSOR_DEFINITIONS = (
					"DEBUG=1",
					"$(inherited)",
				);
				GCC_WARN_64_TO_32_BIT_CONVERSION = YES;
				GCC_WARN_ABOUT_RETURN_TYPE = YES_ERROR;
				GCC_WARN_UNDECLARED_SELECTOR = YES;
				GCC_WARN_UNINITIALIZED_AUTOS = YES_AGGRESSIVE;
				GCC_WARN_UNUSED_FUNCTION = YES;
				GCC_WARN_UNUSED_VARIABLE = YES;
				IPHONEOS_DEPLOYMENT_TARGET = 10.2;
				MTL_ENABLE_DEBUG_INFO = YES;
				ONLY_ACTIVE_ARCH = YES;
				SDKROOT = iphoneos;
				SWIFT_ACTIVE_COMPILATION_CONDITIONS = DEBUG;
				SWIFT_OPTIMIZATION_LEVEL = "-Onone";
			};
			name = Debug;
		};
		9295448E1EA270B900E2A92F /* Release */ = {
			isa = XCBuildConfiguration;
			buildSettings = {
				ALWAYS_SEARCH_USER_PATHS = NO;
				CLANG_ANALYZER_NONNULL = YES;
				CLANG_CXX_LANGUAGE_STANDARD = "gnu++0x";
				CLANG_CXX_LIBRARY = "libc++";
				CLANG_ENABLE_MODULES = YES;
				CLANG_ENABLE_OBJC_ARC = YES;
				CLANG_WARN_BOOL_CONVERSION = YES;
				CLANG_WARN_CONSTANT_CONVERSION = YES;
				CLANG_WARN_DIRECT_OBJC_ISA_USAGE = YES_ERROR;
				CLANG_WARN_DOCUMENTATION_COMMENTS = YES;
				CLANG_WARN_EMPTY_BODY = YES;
				CLANG_WARN_ENUM_CONVERSION = YES;
				CLANG_WARN_INFINITE_RECURSION = YES;
				CLANG_WARN_INT_CONVERSION = YES;
				CLANG_WARN_OBJC_ROOT_CLASS = YES_ERROR;
				CLANG_WARN_SUSPICIOUS_MOVE = YES;
				CLANG_WARN_UNREACHABLE_CODE = YES;
				CLANG_WARN__DUPLICATE_METHOD_MATCH = YES;
				"CODE_SIGN_IDENTITY[sdk=iphoneos*]" = "iPhone Developer";
				COPY_PHASE_STRIP = NO;
				DEBUG_INFORMATION_FORMAT = "dwarf-with-dsym";
				ENABLE_NS_ASSERTIONS = NO;
				ENABLE_STRICT_OBJC_MSGSEND = YES;
				GCC_C_LANGUAGE_STANDARD = gnu99;
				GCC_NO_COMMON_BLOCKS = YES;
				GCC_WARN_64_TO_32_BIT_CONVERSION = YES;
				GCC_WARN_ABOUT_RETURN_TYPE = YES_ERROR;
				GCC_WARN_UNDECLARED_SELECTOR = YES;
				GCC_WARN_UNINITIALIZED_AUTOS = YES_AGGRESSIVE;
				GCC_WARN_UNUSED_FUNCTION = YES;
				GCC_WARN_UNUSED_VARIABLE = YES;
				IPHONEOS_DEPLOYMENT_TARGET = 10.2;
				MTL_ENABLE_DEBUG_INFO = NO;
				SDKROOT = iphoneos;
				SWIFT_OPTIMIZATION_LEVEL = "-Owholemodule";
				VALIDATE_PRODUCT = YES;
			};
			name = Release;
		};
		929544901EA270B900E2A92F /* Debug */ = {
			isa = XCBuildConfiguration;
			buildSettings = {
				ASSETCATALOG_COMPILER_APPICON_NAME = AppIcon;
				INFOPLIST_FILE = Skyway_swift_sample/Info.plist;
				LD_RUNPATH_SEARCH_PATHS = "$(inherited) @executable_path/Frameworks";
				PRODUCT_BUNDLE_IDENTIFIER = "com.Skyway-swift-sample";
				PRODUCT_NAME = "$(TARGET_NAME)";
				SWIFT_VERSION = 3.0;
			};
			name = Debug;
		};
		929544911EA270B900E2A92F /* Release */ = {
			isa = XCBuildConfiguration;
			buildSettings = {
				ASSETCATALOG_COMPILER_APPICON_NAME = AppIcon;
				INFOPLIST_FILE = Skyway_swift_sample/Info.plist;
				LD_RUNPATH_SEARCH_PATHS = "$(inherited) @executable_path/Frameworks";
				PRODUCT_BUNDLE_IDENTIFIER = "com.Skyway-swift-sample";
				PRODUCT_NAME = "$(TARGET_NAME)";
				SWIFT_VERSION = 3.0;
			};
			name = Release;
		};
/* End XCBuildConfiguration section */

/* Begin XCConfigurationList section */
		929544781EA270B900E2A92F /* Build configuration list for PBXProject "Skyway_swift_sample" */ = {
			isa = XCConfigurationList;
			buildConfigurations = (
				9295448D1EA270B900E2A92F /* Debug */,
				9295448E1EA270B900E2A92F /* Release */,
			);
			defaultConfigurationIsVisible = 0;
			defaultConfigurationName = Release;
		};
		9295448F1EA270B900E2A92F /* Build configuration list for PBXNativeTarget "Skyway_swift_sample" */ = {
			isa = XCConfigurationList;
			buildConfigurations = (
				929544901EA270B900E2A92F /* Debug */,
				929544911EA270B900E2A92F /* Release */,
			);
			defaultConfigurationIsVisible = 0;
		};
/* End XCConfigurationList section */
	};
	rootObject = 929544751EA270B900E2A92F /* Project object */;
}
